
Microsoft Visual Studio Solution File, Format Version 12.00
# Visual Studio Version 16
VisualStudioVersion = 16.0.29905.134
MinimumVisualStudioVersion = 10.0.40219.1
Project("{FAE04EC0-301F-11D3-BF4B-00C04F79EFBC}") = "bai3.3", "bai3.3\bai3.3.csproj", "{E693D844-4083-4CFB-A04E-C04EA7345452}"
EndProject
Project("{FAE04EC0-301F-11D3-BF4B-00C04F79EFBC}") = "bai3.1", "bai3.1\bai3.1.csproj", "{C58CE1FF-F371-4BDE-9F99-73E9B7875D89}"
EndProject
Global
	GlobalSection(SolutionConfigurationPlatforms) = preSolution
		Debug|Any CPU = Debug|Any CPU
		Release|Any CPU = Release|Any CPU
	EndGlobalSection
	GlobalSection(ProjectConfigurationPlatforms) = postSolution
		{E693D844-4083-4CFB-A04E-C04EA7345452}.Debug|Any CPU.ActiveCfg = Debug|Any CPU
		{E693D844-4083-4CFB-A04E-C04EA7345452}.Debug|Any CPU.Build.0 = Debug|Any CPU
		{E693D844-4083-4CFB-A04E-C04EA7345452}.Release|Any CPU.ActiveCfg = Release|Any CPU
		{E693D844-4083-4CFB-A04E-C04EA7345452}.Release|Any CPU.Build.0 = Release|Any CPU
		{C58CE1FF-F371-4BDE-9F99-73E9B7875D89}.Debug|Any CPU.ActiveCfg = Debug|Any CPU
		{C58CE1FF-F371-4BDE-9F99-73E9B7875D89}.Debug|Any CPU.Build.0 = Debug|Any CPU
		{C58CE1FF-F371-4BDE-9F99-73E9B7875D89}.Release|Any CPU.ActiveCfg = Release|Any CPU
		{C58CE1FF-F371-4BDE-9F99-73E9B7875D89}.Release|Any CPU.Build.0 = Release|Any CPU
	EndGlobalSection
	GlobalSection(SolutionProperties) = preSolution
		HideSolutionNode = FALSE
	EndGlobalSection
	GlobalSection(ExtensibilityGlobals) = postSolution
		SolutionGuid = {A9E207EB-9AAB-4101-A8D2-EEA6949C7BEF}
	EndGlobalSection
EndGlobal
